
Microsoft Visual Studio Solution File, Format Version 12.00
# Visual Studio Version 16
VisualStudioVersion = 16.0.31702.278
MinimumVisualStudioVersion = 10.0.40219.1
Project("{888888A0-9F3D-457C-B088-3A5042F75D52}") = "Intro_to_Python_Project", "Intro_to_Python_Project.pyproj", "{81E67A48-3770-4256-818E-6E3B860AED76}"
EndProject
Global
	GlobalSection(SolutionConfigurationPlatforms) = preSolution
		Debug|Any CPU = Debug|Any CPU
		Release|Any CPU = Release|Any CPU
	EndGlobalSection
	GlobalSection(ProjectConfigurationPlatforms) = postSolution
		{81E67A48-3770-4256-818E-6E3B860AED76}.Debug|Any CPU.ActiveCfg = Debug|Any CPU
		{81E67A48-3770-4256-818E-6E3B860AED76}.Release|Any CPU.ActiveCfg = Release|Any CPU
	EndGlobalSection
	GlobalSection(SolutionProperties) = preSolution
		HideSolutionNode = FALSE
	EndGlobalSection
	GlobalSection(ExtensibilityGlobals) = postSolution
		SolutionGuid = {AD8E4167-2DC2-4030-8787-0CDC378B9828}
	EndGlobalSection
EndGlobal
